
Microsoft Visual Studio Solution File, Format Version 12.00
Project("{FAE04EC0-301F-11D3-BF4B-00C04F79EFBC}") = "Task19", "Task19\Task19.csproj", "{3A5AB0EB-A94F-42E5-8BDD-A8E155D467F0}"
EndProject
Project("{FAE04EC0-301F-11D3-BF4B-00C04F79EFBC}") = "Task21", "Task21\Task21.csproj", "{8DDBED9F-3D25-4F15-808F-C921181796A9}"
EndProject
Project("{FAE04EC0-301F-11D3-BF4B-00C04F79EFBC}") = "Task23", "Task23\Task23.csproj", "{9D996795-DE75-4A7D-B590-AC48C18C31F7}"
EndProject
Project("{FAE04EC0-301F-11D3-BF4B-00C04F79EFBC}") = "Task25", "Task25\Task25.csproj", "{E6D267D3-8E0F-4074-8BAB-4162942C0E21}"
EndProject
Project("{FAE04EC0-301F-11D3-BF4B-00C04F79EFBC}") = "Task27", "Task27\Task27.csproj", "{7C4B6F80-8F0C-49FA-9449-FF238543C9A9}"
EndProject
Project("{FAE04EC0-301F-11D3-BF4B-00C04F79EFBC}") = "Task29", "Task29\Task29.csproj", "{2949F1BA-2A45-419C-AFF2-D91E60094953}"
EndProject
Project("{FAE04EC0-301F-11D3-BF4B-00C04F79EFBC}") = "Task34", "Task34\Task34.csproj", "{6F333C53-27B6-4B59-84BF-006D98493789}"
EndProject
Project("{FAE04EC0-301F-11D3-BF4B-00C04F79EFBC}") = "Task36", "Task36\Task36.csproj", "{95CB1933-BF06-4C3F-BA97-5982F4CE60AD}"
EndProject
Project("{FAE04EC0-301F-11D3-BF4B-00C04F79EFBC}") = "Task38", "Task38\Task38.csproj", "{098BA1F2-D7B2-4205-AED1-8428E8718527}"
EndProject
Project("{FAE04EC0-301F-11D3-BF4B-00C04F79EFBC}") = "Task41", "Task41\Task41.csproj", "{66ECAF5F-E1AE-4F9B-ADC6-F5CDE28E0C18}"
EndProject
Project("{FAE04EC0-301F-11D3-BF4B-00C04F79EFBC}") = "Task43", "Task43\Task43.csproj", "{9A408828-C02E-4ECB-8824-7A5659477FB8}"
EndProject
Project("{FAE04EC0-301F-11D3-BF4B-00C04F79EFBC}") = "Task47", "Task47\Task47.csproj", "{F9C31BD4-A098-48AE-868D-CBA7DA9FED01}"
EndProject
Project("{FAE04EC0-301F-11D3-BF4B-00C04F79EFBC}") = "Task50", "Task50\Task50.csproj", "{DFD3C723-06E7-4132-9309-9A6A12F9AC79}"
EndProject
Project("{FAE04EC0-301F-11D3-BF4B-00C04F79EFBC}") = "Task52", "Task52\Task52.csproj", "{60015160-2874-4915-8344-8122AE3F3247}"
EndProject
Project("{FAE04EC0-301F-11D3-BF4B-00C04F79EFBC}") = "Task54", "Task54\Task54.csproj", "{6A469F1B-18EC-4278-B0B3-834FB383937C}"
EndProject
Project("{FAE04EC0-301F-11D3-BF4B-00C04F79EFBC}") = "Task56", "Task56\Task56.csproj", "{A2FAAD0A-019D-48E0-871B-8128301510BF}"
EndProject
Project("{FAE04EC0-301F-11D3-BF4B-00C04F79EFBC}") = "Task58", "Task58\Task58.csproj", "{630123A8-41F1-46D6-8331-EB2B301DA7FB}"
EndProject
Project("{FAE04EC0-301F-11D3-BF4B-00C04F79EFBC}") = "Task60", "Task60\Task60.csproj", "{9C5A1E2B-3DC6-4FF3-B1D6-2DF46634FE2D}"
EndProject
Project("{FAE04EC0-301F-11D3-BF4B-00C04F79EFBC}") = "Task62", "Task62\Task62.csproj", "{A112B013-F9F5-428B-8B7B-0DCD81D7D529}"
EndProject
Global
	GlobalSection(SolutionConfigurationPlatforms) = preSolution
		Debug|Any CPU = Debug|Any CPU
		Release|Any CPU = Release|Any CPU
	EndGlobalSection
	GlobalSection(ProjectConfigurationPlatforms) = postSolution
		{3A5AB0EB-A94F-42E5-8BDD-A8E155D467F0}.Debug|Any CPU.ActiveCfg = Debug|Any CPU
		{3A5AB0EB-A94F-42E5-8BDD-A8E155D467F0}.Debug|Any CPU.Build.0 = Debug|Any CPU
		{3A5AB0EB-A94F-42E5-8BDD-A8E155D467F0}.Release|Any CPU.ActiveCfg = Release|Any CPU
		{3A5AB0EB-A94F-42E5-8BDD-A8E155D467F0}.Release|Any CPU.Build.0 = Release|Any CPU
		{8DDBED9F-3D25-4F15-808F-C921181796A9}.Debug|Any CPU.ActiveCfg = Debug|Any CPU
		{8DDBED9F-3D25-4F15-808F-C921181796A9}.Debug|Any CPU.Build.0 = Debug|Any CPU
		{8DDBED9F-3D25-4F15-808F-C921181796A9}.Release|Any CPU.ActiveCfg = Release|Any CPU
		{8DDBED9F-3D25-4F15-808F-C921181796A9}.Release|Any CPU.Build.0 = Release|Any CPU
		{9D996795-DE75-4A7D-B590-AC48C18C31F7}.Debug|Any CPU.ActiveCfg = Debug|Any CPU
		{9D996795-DE75-4A7D-B590-AC48C18C31F7}.Debug|Any CPU.Build.0 = Debug|Any CPU
		{9D996795-DE75-4A7D-B590-AC48C18C31F7}.Release|Any CPU.ActiveCfg = Release|Any CPU
		{9D996795-DE75-4A7D-B590-AC48C18C31F7}.Release|Any CPU.Build.0 = Release|Any CPU
		{E6D267D3-8E0F-4074-8BAB-4162942C0E21}.Debug|Any CPU.ActiveCfg = Debug|Any CPU
		{E6D267D3-8E0F-4074-8BAB-4162942C0E21}.Debug|Any CPU.Build.0 = Debug|Any CPU
		{E6D267D3-8E0F-4074-8BAB-4162942C0E21}.Release|Any CPU.ActiveCfg = Release|Any CPU
		{E6D267D3-8E0F-4074-8BAB-4162942C0E21}.Release|Any CPU.Build.0 = Release|Any CPU
		{7C4B6F80-8F0C-49FA-9449-FF238543C9A9}.Debug|Any CPU.ActiveCfg = Debug|Any CPU
		{7C4B6F80-8F0C-49FA-9449-FF238543C9A9}.Debug|Any CPU.Build.0 = Debug|Any CPU
		{7C4B6F80-8F0C-49FA-9449-FF238543C9A9}.Release|Any CPU.ActiveCfg = Release|Any CPU
		{7C4B6F80-8F0C-49FA-9449-FF238543C9A9}.Release|Any CPU.Build.0 = Release|Any CPU
		{2949F1BA-2A45-419C-AFF2-D91E60094953}.Debug|Any CPU.ActiveCfg = Debug|Any CPU
		{2949F1BA-2A45-419C-AFF2-D91E60094953}.Debug|Any CPU.Build.0 = Debug|Any CPU
		{2949F1BA-2A45-419C-AFF2-D91E60094953}.Release|Any CPU.ActiveCfg = Release|Any CPU
		{2949F1BA-2A45-419C-AFF2-D91E60094953}.Release|Any CPU.Build.0 = Release|Any CPU
		{6F333C53-27B6-4B59-84BF-006D98493789}.Debug|Any CPU.ActiveCfg = Debug|Any CPU
		{6F333C53-27B6-4B59-84BF-006D98493789}.Debug|Any CPU.Build.0 = Debug|Any CPU
		{6F333C53-27B6-4B59-84BF-006D98493789}.Release|Any CPU.ActiveCfg = Release|Any CPU
		{6F333C53-27B6-4B59-84BF-006D98493789}.Release|Any CPU.Build.0 = Release|Any CPU
		{95CB1933-BF06-4C3F-BA97-5982F4CE60AD}.Debug|Any CPU.ActiveCfg = Debug|Any CPU
		{95CB1933-BF06-4C3F-BA97-5982F4CE60AD}.Debug|Any CPU.Build.0 = Debug|Any CPU
		{95CB1933-BF06-4C3F-BA97-5982F4CE60AD}.Release|Any CPU.ActiveCfg = Release|Any CPU
		{95CB1933-BF06-4C3F-BA97-5982F4CE60AD}.Release|Any CPU.Build.0 = Release|Any CPU
		{098BA1F2-D7B2-4205-AED1-8428E8718527}.Debug|Any CPU.ActiveCfg = Debug|Any CPU
		{098BA1F2-D7B2-4205-AED1-8428E8718527}.Debug|Any CPU.Build.0 = Debug|Any CPU
		{098BA1F2-D7B2-4205-AED1-8428E8718527}.Release|Any CPU.ActiveCfg = Release|Any CPU
		{098BA1F2-D7B2-4205-AED1-8428E8718527}.Release|Any CPU.Build.0 = Release|Any CPU
		{66ECAF5F-E1AE-4F9B-ADC6-F5CDE28E0C18}.Debug|Any CPU.ActiveCfg = Debug|Any CPU
		{66ECAF5F-E1AE-4F9B-ADC6-F5CDE28E0C18}.Debug|Any CPU.Build.0 = Debug|Any CPU
		{66ECAF5F-E1AE-4F9B-ADC6-F5CDE28E0C18}.Release|Any CPU.ActiveCfg = Release|Any CPU
		{66ECAF5F-E1AE-4F9B-ADC6-F5CDE28E0C18}.Release|Any CPU.Build.0 = Release|Any CPU
		{9A408828-C02E-4ECB-8824-7A5659477FB8}.Debug|Any CPU.ActiveCfg = Debug|Any CPU
		{9A408828-C02E-4ECB-8824-7A5659477FB8}.Debug|Any CPU.Build.0 = Debug|Any CPU
		{9A408828-C02E-4ECB-8824-7A5659477FB8}.Release|Any CPU.ActiveCfg = Release|Any CPU
		{9A408828-C02E-4ECB-8824-7A5659477FB8}.Release|Any CPU.Build.0 = Release|Any CPU
		{F9C31BD4-A098-48AE-868D-CBA7DA9FED01}.Debug|Any CPU.ActiveCfg = Debug|Any CPU
		{F9C31BD4-A098-48AE-868D-CBA7DA9FED01}.Debug|Any CPU.Build.0 = Debug|Any CPU
		{F9C31BD4-A098-48AE-868D-CBA7DA9FED01}.Release|Any CPU.ActiveCfg = Release|Any CPU
		{F9C31BD4-A098-48AE-868D-CBA7DA9FED01}.Release|Any CPU.Build.0 = Release|Any CPU
		{DFD3C723-06E7-4132-9309-9A6A12F9AC79}.Debug|Any CPU.ActiveCfg = Debug|Any CPU
		{DFD3C723-06E7-4132-9309-9A6A12F9AC79}.Debug|Any CPU.Build.0 = Debug|Any CPU
		{DFD3C723-06E7-4132-9309-9A6A12F9AC79}.Release|Any CPU.ActiveCfg = Release|Any CPU
		{DFD3C723-06E7-4132-9309-9A6A12F9AC79}.Release|Any CPU.Build.0 = Release|Any CPU
		{60015160-2874-4915-8344-8122AE3F3247}.Debug|Any CPU.ActiveCfg = Debug|Any CPU
		{60015160-2874-4915-8344-8122AE3F3247}.Debug|Any CPU.Build.0 = Debug|Any CPU
		{60015160-2874-4915-8344-8122AE3F3247}.Release|Any CPU.ActiveCfg = Release|Any CPU
		{60015160-2874-4915-8344-8122AE3F3247}.Release|Any CPU.Build.0 = Release|Any CPU
		{6A469F1B-18EC-4278-B0B3-834FB383937C}.Debug|Any CPU.ActiveCfg = Debug|Any CPU
		{6A469F1B-18EC-4278-B0B3-834FB383937C}.Debug|Any CPU.Build.0 = Debug|Any CPU
		{6A469F1B-18EC-4278-B0B3-834FB383937C}.Release|Any CPU.ActiveCfg = Release|Any CPU
		{6A469F1B-18EC-4278-B0B3-834FB383937C}.Release|Any CPU.Build.0 = Release|Any CPU
		{A2FAAD0A-019D-48E0-871B-8128301510BF}.Debug|Any CPU.ActiveCfg = Debug|Any CPU
		{A2FAAD0A-019D-48E0-871B-8128301510BF}.Debug|Any CPU.Build.0 = Debug|Any CPU
		{A2FAAD0A-019D-48E0-871B-8128301510BF}.Release|Any CPU.ActiveCfg = Release|Any CPU
		{A2FAAD0A-019D-48E0-871B-8128301510BF}.Release|Any CPU.Build.0 = Release|Any CPU
		{630123A8-41F1-46D6-8331-EB2B301DA7FB}.Debug|Any CPU.ActiveCfg = Debug|Any CPU
		{630123A8-41F1-46D6-8331-EB2B301DA7FB}.Debug|Any CPU.Build.0 = Debug|Any CPU
		{630123A8-41F1-46D6-8331-EB2B301DA7FB}.Release|Any CPU.ActiveCfg = Release|Any CPU
		{630123A8-41F1-46D6-8331-EB2B301DA7FB}.Release|Any CPU.Build.0 = Release|Any CPU
		{9C5A1E2B-3DC6-4FF3-B1D6-2DF46634FE2D}.Debug|Any CPU.ActiveCfg = Debug|Any CPU
		{9C5A1E2B-3DC6-4FF3-B1D6-2DF46634FE2D}.Debug|Any CPU.Build.0 = Debug|Any CPU
		{9C5A1E2B-3DC6-4FF3-B1D6-2DF46634FE2D}.Release|Any CPU.ActiveCfg = Release|Any CPU
		{9C5A1E2B-3DC6-4FF3-B1D6-2DF46634FE2D}.Release|Any CPU.Build.0 = Release|Any CPU
		{A112B013-F9F5-428B-8B7B-0DCD81D7D529}.Debug|Any CPU.ActiveCfg = Debug|Any CPU
		{A112B013-F9F5-428B-8B7B-0DCD81D7D529}.Debug|Any CPU.Build.0 = Debug|Any CPU
		{A112B013-F9F5-428B-8B7B-0DCD81D7D529}.Release|Any CPU.ActiveCfg = Release|Any CPU
		{A112B013-F9F5-428B-8B7B-0DCD81D7D529}.Release|Any CPU.Build.0 = Release|Any CPU
	EndGlobalSection
EndGlobal
